
Microsoft Visual Studio Solution File, Format Version 11.00
# Visual Studio 2010
Project("{FAE04EC0-301F-11D3-BF4B-00C04F79EFBC}") = "TestMvcApplication2", "TestMvcApplication2\TestMvcApplication2.csproj", "{73E89035-CD5E-498F-9BC1-2DA67FDC46DF}"
EndProject
Global
	GlobalSection(SolutionConfigurationPlatforms) = preSolution
		Debug|Any CPU = Debug|Any CPU
		Release|Any CPU = Release|Any CPU
	EndGlobalSection
	GlobalSection(ProjectConfigurationPlatforms) = postSolution
		{73E89035-CD5E-498F-9BC1-2DA67FDC46DF}.Debug|Any CPU.ActiveCfg = Debug|Any CPU
		{73E89035-CD5E-498F-9BC1-2DA67FDC46DF}.Debug|Any CPU.Build.0 = Debug|Any CPU
		{73E89035-CD5E-498F-9BC1-2DA67FDC46DF}.Release|Any CPU.ActiveCfg = Release|Any CPU
		{73E89035-CD5E-498F-9BC1-2DA67FDC46DF}.Release|Any CPU.Build.0 = Release|Any CPU
	EndGlobalSection
	GlobalSection(SolutionProperties) = preSolution
		HideSolutionNode = FALSE
	EndGlobalSection
EndGlobal
