
Microsoft Visual Studio Solution File, Format Version 11.00
# Visual Studio 2010
Project("{FAE04EC0-301F-11D3-BF4B-00C04F79EFBC}") = "TestFacturaElectronicaOriginalMvc", "TestFacturaElectronicaMvc\TestFacturaElectronicaOriginalMvc.csproj", "{082E91F2-8DF6-41CA-AC87-A9265A4444C6}"
EndProject
Project("{FAE04EC0-301F-11D3-BF4B-00C04F79EFBC}") = "TestFacturaElectronicaOriginalDominio", "TestFacturaElectronicaDominio\TestFacturaElectronicaOriginalDominio.csproj", "{AD2BD28E-CE25-4803-B88C-34917D160FAD}"
EndProject
Project("{FAE04EC0-301F-11D3-BF4B-00C04F79EFBC}") = "TestFacturaElectronicaOriginalConsola", "TestFacturaElectronicaConsola\TestFacturaElectronicaOriginalConsola.csproj", "{D485D3DF-3188-41E9-AEBA-9688CEA66990}"
EndProject
Project("{2150E333-8FDC-42A3-9474-1A3956D46DE8}") = "Solution Items", "Solution Items", "{DE64A277-1C4D-4BE5-BB9E-18E4191D0A14}"
	ProjectSection(SolutionItems) = preProject
		TextFile1.txt = TextFile1.txt
	EndProjectSection
EndProject
Global
	GlobalSection(SolutionConfigurationPlatforms) = preSolution
		Debug|Any CPU = Debug|Any CPU
		Debug|Mixed Platforms = Debug|Mixed Platforms
		Debug|x86 = Debug|x86
		Release|Any CPU = Release|Any CPU
		Release|Mixed Platforms = Release|Mixed Platforms
		Release|x86 = Release|x86
	EndGlobalSection
	GlobalSection(ProjectConfigurationPlatforms) = postSolution
		{082E91F2-8DF6-41CA-AC87-A9265A4444C6}.Debug|Any CPU.ActiveCfg = Debug|Any CPU
		{082E91F2-8DF6-41CA-AC87-A9265A4444C6}.Debug|Any CPU.Build.0 = Debug|Any CPU
		{082E91F2-8DF6-41CA-AC87-A9265A4444C6}.Debug|Mixed Platforms.ActiveCfg = Debug|Any CPU
		{082E91F2-8DF6-41CA-AC87-A9265A4444C6}.Debug|Mixed Platforms.Build.0 = Debug|Any CPU
		{082E91F2-8DF6-41CA-AC87-A9265A4444C6}.Debug|x86.ActiveCfg = Debug|Any CPU
		{082E91F2-8DF6-41CA-AC87-A9265A4444C6}.Release|Any CPU.ActiveCfg = Release|Any CPU
		{082E91F2-8DF6-41CA-AC87-A9265A4444C6}.Release|Any CPU.Build.0 = Release|Any CPU
		{082E91F2-8DF6-41CA-AC87-A9265A4444C6}.Release|Mixed Platforms.ActiveCfg = Release|Any CPU
		{082E91F2-8DF6-41CA-AC87-A9265A4444C6}.Release|Mixed Platforms.Build.0 = Release|Any CPU
		{082E91F2-8DF6-41CA-AC87-A9265A4444C6}.Release|x86.ActiveCfg = Release|Any CPU
		{AD2BD28E-CE25-4803-B88C-34917D160FAD}.Debug|Any CPU.ActiveCfg = Debug|Any CPU
		{AD2BD28E-CE25-4803-B88C-34917D160FAD}.Debug|Any CPU.Build.0 = Debug|Any CPU
		{AD2BD28E-CE25-4803-B88C-34917D160FAD}.Debug|Mixed Platforms.ActiveCfg = Debug|Any CPU
		{AD2BD28E-CE25-4803-B88C-34917D160FAD}.Debug|Mixed Platforms.Build.0 = Debug|Any CPU
		{AD2BD28E-CE25-4803-B88C-34917D160FAD}.Debug|x86.ActiveCfg = Debug|Any CPU
		{AD2BD28E-CE25-4803-B88C-34917D160FAD}.Release|Any CPU.ActiveCfg = Release|Any CPU
		{AD2BD28E-CE25-4803-B88C-34917D160FAD}.Release|Any CPU.Build.0 = Release|Any CPU
		{AD2BD28E-CE25-4803-B88C-34917D160FAD}.Release|Mixed Platforms.ActiveCfg = Release|Any CPU
		{AD2BD28E-CE25-4803-B88C-34917D160FAD}.Release|Mixed Platforms.Build.0 = Release|Any CPU
		{AD2BD28E-CE25-4803-B88C-34917D160FAD}.Release|x86.ActiveCfg = Release|Any CPU
		{D485D3DF-3188-41E9-AEBA-9688CEA66990}.Debug|Any CPU.ActiveCfg = Debug|x86
		{D485D3DF-3188-41E9-AEBA-9688CEA66990}.Debug|Mixed Platforms.ActiveCfg = Debug|x86
		{D485D3DF-3188-41E9-AEBA-9688CEA66990}.Debug|Mixed Platforms.Build.0 = Debug|x86
		{D485D3DF-3188-41E9-AEBA-9688CEA66990}.Debug|x86.ActiveCfg = Debug|x86
		{D485D3DF-3188-41E9-AEBA-9688CEA66990}.Debug|x86.Build.0 = Debug|x86
		{D485D3DF-3188-41E9-AEBA-9688CEA66990}.Release|Any CPU.ActiveCfg = Release|x86
		{D485D3DF-3188-41E9-AEBA-9688CEA66990}.Release|Mixed Platforms.ActiveCfg = Release|x86
		{D485D3DF-3188-41E9-AEBA-9688CEA66990}.Release|Mixed Platforms.Build.0 = Release|x86
		{D485D3DF-3188-41E9-AEBA-9688CEA66990}.Release|x86.ActiveCfg = Release|x86
		{D485D3DF-3188-41E9-AEBA-9688CEA66990}.Release|x86.Build.0 = Release|x86
	EndGlobalSection
	GlobalSection(SolutionProperties) = preSolution
		HideSolutionNode = FALSE
	EndGlobalSection
EndGlobal
