
Microsoft Visual Studio Solution File, Format Version 11.00
# Visual Studio 2010
Project("{FAE04EC0-301F-11D3-BF4B-00C04F79EFBC}") = "TestFacturaElectronicaDominio", "TestFacturaElectronicaDominio\TestFacturaElectronicaDominio.csproj", "{AD2BD28E-CE25-4803-B88C-34917D160FAD}"
EndProject
Project("{2150E333-8FDC-42A3-9474-1A3956D46DE8}") = "Varios", "Varios", "{DE64A277-1C4D-4BE5-BB9E-18E4191D0A14}"
	ProjectSection(SolutionItems) = preProject
		TextFile1.txt = TextFile1.txt
	EndProjectSection
EndProject
Project("{FAE04EC0-301F-11D3-BF4B-00C04F79EFBC}") = "FacturacionElectronicaWCF", "WcfService1\FacturacionElectronicaWCF.csproj", "{05746742-01DD-4843-A9B8-EFCD1E2B148D}"
EndProject
Global
	GlobalSection(SolutionConfigurationPlatforms) = preSolution
		Debug|Any CPU = Debug|Any CPU
		Debug|Mixed Platforms = Debug|Mixed Platforms
		Debug|x86 = Debug|x86
		Release|Any CPU = Release|Any CPU
		Release|Mixed Platforms = Release|Mixed Platforms
		Release|x86 = Release|x86
	EndGlobalSection
	GlobalSection(ProjectConfigurationPlatforms) = postSolution
		{AD2BD28E-CE25-4803-B88C-34917D160FAD}.Debug|Any CPU.ActiveCfg = Debug|Any CPU
		{AD2BD28E-CE25-4803-B88C-34917D160FAD}.Debug|Any CPU.Build.0 = Debug|Any CPU
		{AD2BD28E-CE25-4803-B88C-34917D160FAD}.Debug|Mixed Platforms.ActiveCfg = Debug|Any CPU
		{AD2BD28E-CE25-4803-B88C-34917D160FAD}.Debug|Mixed Platforms.Build.0 = Debug|Any CPU
		{AD2BD28E-CE25-4803-B88C-34917D160FAD}.Debug|x86.ActiveCfg = Debug|Any CPU
		{AD2BD28E-CE25-4803-B88C-34917D160FAD}.Release|Any CPU.ActiveCfg = Release|Any CPU
		{AD2BD28E-CE25-4803-B88C-34917D160FAD}.Release|Any CPU.Build.0 = Release|Any CPU
		{AD2BD28E-CE25-4803-B88C-34917D160FAD}.Release|Mixed Platforms.ActiveCfg = Release|Any CPU
		{AD2BD28E-CE25-4803-B88C-34917D160FAD}.Release|Mixed Platforms.Build.0 = Release|Any CPU
		{AD2BD28E-CE25-4803-B88C-34917D160FAD}.Release|x86.ActiveCfg = Release|Any CPU
		{05746742-01DD-4843-A9B8-EFCD1E2B148D}.Debug|Any CPU.ActiveCfg = Debug|Any CPU
		{05746742-01DD-4843-A9B8-EFCD1E2B148D}.Debug|Any CPU.Build.0 = Debug|Any CPU
		{05746742-01DD-4843-A9B8-EFCD1E2B148D}.Debug|Mixed Platforms.ActiveCfg = Debug|Any CPU
		{05746742-01DD-4843-A9B8-EFCD1E2B148D}.Debug|Mixed Platforms.Build.0 = Debug|Any CPU
		{05746742-01DD-4843-A9B8-EFCD1E2B148D}.Debug|x86.ActiveCfg = Debug|Any CPU
		{05746742-01DD-4843-A9B8-EFCD1E2B148D}.Release|Any CPU.ActiveCfg = Release|Any CPU
		{05746742-01DD-4843-A9B8-EFCD1E2B148D}.Release|Any CPU.Build.0 = Release|Any CPU
		{05746742-01DD-4843-A9B8-EFCD1E2B148D}.Release|Mixed Platforms.ActiveCfg = Release|Any CPU
		{05746742-01DD-4843-A9B8-EFCD1E2B148D}.Release|Mixed Platforms.Build.0 = Release|Any CPU
		{05746742-01DD-4843-A9B8-EFCD1E2B148D}.Release|x86.ActiveCfg = Release|Any CPU
	EndGlobalSection
	GlobalSection(SolutionProperties) = preSolution
		HideSolutionNode = FALSE
	EndGlobalSection
EndGlobal
