
Microsoft Visual Studio Solution File, Format Version 11.00
# Visual Studio 2010
Project("{FAE04EC0-301F-11D3-BF4B-00C04F79EFBC}") = "TestFacturaElectronica.Dominio", "TestFacturaElectronicaDominio\TestFacturaElectronica.Dominio.csproj", "{AD2BD28E-CE25-4803-B88C-34917D160FAD}"
EndProject
Project("{2150E333-8FDC-42A3-9474-1A3956D46DE8}") = "Varios", "Varios", "{DE64A277-1C4D-4BE5-BB9E-18E4191D0A14}"
	ProjectSection(SolutionItems) = preProject
		TextFile1.txt = TextFile1.txt
	EndProjectSection
EndProject
Project("{FAE04EC0-301F-11D3-BF4B-00C04F79EFBC}") = "TestFacturaElectronica.WebService", "TestFacturaElectronicaWeb\TestFacturaElectronica.WebService.csproj", "{A940AEDD-130D-4606-A640-489AAE5F8F25}"
EndProject
Project("{FAE04EC0-301F-11D3-BF4B-00C04F79EFBC}") = "TestFacturaElectronica.PruebaConsola", "PruebaConsola\TestFacturaElectronica.PruebaConsola.csproj", "{8E3F6A75-E3F0-4AF1-B955-79DD359293D5}"
	ProjectSection(ProjectDependencies) = postProject
		{A940AEDD-130D-4606-A640-489AAE5F8F25} = {A940AEDD-130D-4606-A640-489AAE5F8F25}
	EndProjectSection
EndProject
Project("{2150E333-8FDC-42A3-9474-1A3956D46DE8}") = "1 - Presentacion", "1 - Presentacion", "{0DF708AB-50AD-491E-B045-0EF58C0681E6}"
EndProject
Project("{2150E333-8FDC-42A3-9474-1A3956D46DE8}") = "3 - Dominio", "3 - Dominio", "{5F2311CB-13F1-4431-B286-8CC4D5267ACC}"
EndProject
Project("{2150E333-8FDC-42A3-9474-1A3956D46DE8}") = "2 - Servicios", "2 - Servicios", "{58D67D22-9898-434F-9AE5-CDF4AA3A112A}"
EndProject
Project("{FAE04EC0-301F-11D3-BF4B-00C04F79EFBC}") = "TestFacturaElectronica.WCF", "TestFacturaElectronica.WCF\TestFacturaElectronica.WCF.csproj", "{2C4158D8-027E-4F62-A728-B46EF25D8849}"
EndProject
Project("{FAE04EC0-301F-11D3-BF4B-00C04F79EFBC}") = "TestFacturaElectronica.PruebaConsola2", "TestFacturaElectronica.PruebaConsola2\TestFacturaElectronica.PruebaConsola2.csproj", "{C6FF9AD1-AFBA-4217-9227-348B587AC609}"
	ProjectSection(ProjectDependencies) = postProject
		{2C4158D8-027E-4F62-A728-B46EF25D8849} = {2C4158D8-027E-4F62-A728-B46EF25D8849}
	EndProjectSection
EndProject
Global
	GlobalSection(SolutionConfigurationPlatforms) = preSolution
		Debug|Any CPU = Debug|Any CPU
		Debug|Mixed Platforms = Debug|Mixed Platforms
		Debug|x86 = Debug|x86
		Release|Any CPU = Release|Any CPU
		Release|Mixed Platforms = Release|Mixed Platforms
		Release|x86 = Release|x86
	EndGlobalSection
	GlobalSection(ProjectConfigurationPlatforms) = postSolution
		{AD2BD28E-CE25-4803-B88C-34917D160FAD}.Debug|Any CPU.ActiveCfg = Debug|Any CPU
		{AD2BD28E-CE25-4803-B88C-34917D160FAD}.Debug|Any CPU.Build.0 = Debug|Any CPU
		{AD2BD28E-CE25-4803-B88C-34917D160FAD}.Debug|Mixed Platforms.ActiveCfg = Debug|Any CPU
		{AD2BD28E-CE25-4803-B88C-34917D160FAD}.Debug|Mixed Platforms.Build.0 = Debug|Any CPU
		{AD2BD28E-CE25-4803-B88C-34917D160FAD}.Debug|x86.ActiveCfg = Debug|Any CPU
		{AD2BD28E-CE25-4803-B88C-34917D160FAD}.Release|Any CPU.ActiveCfg = Release|Any CPU
		{AD2BD28E-CE25-4803-B88C-34917D160FAD}.Release|Any CPU.Build.0 = Release|Any CPU
		{AD2BD28E-CE25-4803-B88C-34917D160FAD}.Release|Mixed Platforms.ActiveCfg = Release|Any CPU
		{AD2BD28E-CE25-4803-B88C-34917D160FAD}.Release|Mixed Platforms.Build.0 = Release|Any CPU
		{AD2BD28E-CE25-4803-B88C-34917D160FAD}.Release|x86.ActiveCfg = Release|Any CPU
		{A940AEDD-130D-4606-A640-489AAE5F8F25}.Debug|Any CPU.ActiveCfg = Debug|Any CPU
		{A940AEDD-130D-4606-A640-489AAE5F8F25}.Debug|Any CPU.Build.0 = Debug|Any CPU
		{A940AEDD-130D-4606-A640-489AAE5F8F25}.Debug|Mixed Platforms.ActiveCfg = Debug|Any CPU
		{A940AEDD-130D-4606-A640-489AAE5F8F25}.Debug|Mixed Platforms.Build.0 = Debug|Any CPU
		{A940AEDD-130D-4606-A640-489AAE5F8F25}.Debug|x86.ActiveCfg = Debug|Any CPU
		{A940AEDD-130D-4606-A640-489AAE5F8F25}.Release|Any CPU.ActiveCfg = Release|Any CPU
		{A940AEDD-130D-4606-A640-489AAE5F8F25}.Release|Any CPU.Build.0 = Release|Any CPU
		{A940AEDD-130D-4606-A640-489AAE5F8F25}.Release|Mixed Platforms.ActiveCfg = Release|Any CPU
		{A940AEDD-130D-4606-A640-489AAE5F8F25}.Release|Mixed Platforms.Build.0 = Release|Any CPU
		{A940AEDD-130D-4606-A640-489AAE5F8F25}.Release|x86.ActiveCfg = Release|Any CPU
		{8E3F6A75-E3F0-4AF1-B955-79DD359293D5}.Debug|Any CPU.ActiveCfg = Debug|x86
		{8E3F6A75-E3F0-4AF1-B955-79DD359293D5}.Debug|Mixed Platforms.ActiveCfg = Debug|x86
		{8E3F6A75-E3F0-4AF1-B955-79DD359293D5}.Debug|Mixed Platforms.Build.0 = Debug|x86
		{8E3F6A75-E3F0-4AF1-B955-79DD359293D5}.Debug|x86.ActiveCfg = Debug|x86
		{8E3F6A75-E3F0-4AF1-B955-79DD359293D5}.Debug|x86.Build.0 = Debug|x86
		{8E3F6A75-E3F0-4AF1-B955-79DD359293D5}.Release|Any CPU.ActiveCfg = Release|x86
		{8E3F6A75-E3F0-4AF1-B955-79DD359293D5}.Release|Mixed Platforms.ActiveCfg = Release|x86
		{8E3F6A75-E3F0-4AF1-B955-79DD359293D5}.Release|Mixed Platforms.Build.0 = Release|x86
		{8E3F6A75-E3F0-4AF1-B955-79DD359293D5}.Release|x86.ActiveCfg = Release|x86
		{8E3F6A75-E3F0-4AF1-B955-79DD359293D5}.Release|x86.Build.0 = Release|x86
		{2C4158D8-027E-4F62-A728-B46EF25D8849}.Debug|Any CPU.ActiveCfg = Debug|Any CPU
		{2C4158D8-027E-4F62-A728-B46EF25D8849}.Debug|Any CPU.Build.0 = Debug|Any CPU
		{2C4158D8-027E-4F62-A728-B46EF25D8849}.Debug|Mixed Platforms.ActiveCfg = Debug|Any CPU
		{2C4158D8-027E-4F62-A728-B46EF25D8849}.Debug|Mixed Platforms.Build.0 = Debug|Any CPU
		{2C4158D8-027E-4F62-A728-B46EF25D8849}.Debug|x86.ActiveCfg = Debug|Any CPU
		{2C4158D8-027E-4F62-A728-B46EF25D8849}.Release|Any CPU.ActiveCfg = Release|Any CPU
		{2C4158D8-027E-4F62-A728-B46EF25D8849}.Release|Any CPU.Build.0 = Release|Any CPU
		{2C4158D8-027E-4F62-A728-B46EF25D8849}.Release|Mixed Platforms.ActiveCfg = Release|Any CPU
		{2C4158D8-027E-4F62-A728-B46EF25D8849}.Release|Mixed Platforms.Build.0 = Release|Any CPU
		{2C4158D8-027E-4F62-A728-B46EF25D8849}.Release|x86.ActiveCfg = Release|Any CPU
		{C6FF9AD1-AFBA-4217-9227-348B587AC609}.Debug|Any CPU.ActiveCfg = Debug|x86
		{C6FF9AD1-AFBA-4217-9227-348B587AC609}.Debug|Mixed Platforms.ActiveCfg = Debug|x86
		{C6FF9AD1-AFBA-4217-9227-348B587AC609}.Debug|Mixed Platforms.Build.0 = Debug|x86
		{C6FF9AD1-AFBA-4217-9227-348B587AC609}.Debug|x86.ActiveCfg = Debug|x86
		{C6FF9AD1-AFBA-4217-9227-348B587AC609}.Debug|x86.Build.0 = Debug|x86
		{C6FF9AD1-AFBA-4217-9227-348B587AC609}.Release|Any CPU.ActiveCfg = Release|x86
		{C6FF9AD1-AFBA-4217-9227-348B587AC609}.Release|Mixed Platforms.ActiveCfg = Release|x86
		{C6FF9AD1-AFBA-4217-9227-348B587AC609}.Release|Mixed Platforms.Build.0 = Release|x86
		{C6FF9AD1-AFBA-4217-9227-348B587AC609}.Release|x86.ActiveCfg = Release|x86
		{C6FF9AD1-AFBA-4217-9227-348B587AC609}.Release|x86.Build.0 = Release|x86
	EndGlobalSection
	GlobalSection(SolutionProperties) = preSolution
		HideSolutionNode = FALSE
	EndGlobalSection
	GlobalSection(NestedProjects) = preSolution
		{AD2BD28E-CE25-4803-B88C-34917D160FAD} = {5F2311CB-13F1-4431-B286-8CC4D5267ACC}
		{A940AEDD-130D-4606-A640-489AAE5F8F25} = {58D67D22-9898-434F-9AE5-CDF4AA3A112A}
		{2C4158D8-027E-4F62-A728-B46EF25D8849} = {58D67D22-9898-434F-9AE5-CDF4AA3A112A}
		{8E3F6A75-E3F0-4AF1-B955-79DD359293D5} = {0DF708AB-50AD-491E-B045-0EF58C0681E6}
		{C6FF9AD1-AFBA-4217-9227-348B587AC609} = {0DF708AB-50AD-491E-B045-0EF58C0681E6}
	EndGlobalSection
EndGlobal
